{
  "name": "6502life",
  "version": "1.0.0",
  "lockfileVersion": 3,
  "requires": true,
  "packages": {
    "": {
      "name": "6502life",
      "version": "1.0.0",
      "license": "ISC",
      "dependencies": {
        "6502": "github:mat-sz/6502",
        "@neshacker/6502-tools": "^0.1.0",
        "@sfotty-pie/sfotty": "^0.1.0",
        "gemu-6502": "^0.1.2",
        "mersennetwister": "^0.2.3",
        "mos-6502": "github:SlideeScherz/mossy-cpu"
      }
    },
    "node_modules/@neshacker/6502-tools": {
      "version": "0.1.0",
      "resolved": "https://registry.npmjs.org/@neshacker/6502-tools/-/6502-tools-0.1.0.tgz",
      "integrity": "sha512-CSWGUeubbyxAaenIoXdzpAxcKSNxY8wj/uksWyH/qAD9/q0DA6KsGna2p9Zv73bfbJsCAvelMoQcvh8fSTq3eA=="
    },
    "node_modules/@sfotty-pie/opcodes": {
      "version": "0.1.0",
      "resolved": "https://registry.npmjs.org/@sfotty-pie/opcodes/-/opcodes-0.1.0.tgz",
      "integrity": "sha512-VPccCb88mXMsfmZidB1fp0Glk8cHEjmoTUyOch76ml2dOcBUGlvwLvaW/dtpahdeh5aXIuwqtO5wUeGXclj+lg=="
    },
    "node_modules/@sfotty-pie/sfotty": {
      "version": "0.1.0",
      "resolved": "https://registry.npmjs.org/@sfotty-pie/sfotty/-/sfotty-0.1.0.tgz",
      "integrity": "sha512-28XRsufrOw07ypvFqGVCb8h4nqeIijZlmLM/UaXHf1vnLKisMqEtKHpBRL+tJLQxDotNZhlrBAJxODtJoNp7dQ==",
      "dependencies": {
        "@sfotty-pie/opcodes": "0.1.0"
      }
    },
    "node_modules/6502": {
      "version": "0.0.1",
      "resolved": "git+ssh://git@github.com/mat-sz/6502.git#df529064dca7ae12d5c0cb03c9bfabd011c2b41c",
      "license": "BSD-3-Clause-Clear"
    },
    "node_modules/colors": {
      "version": "1.4.0",
      "resolved": "https://registry.npmjs.org/colors/-/colors-1.4.0.tgz",
      "integrity": "sha512-a+UqTh4kgZg/SlGvfbzDHpgRu7AAQOmmqRHJnxhRZICKFUT91brVhNNt58CMWU9PsBbv3PDCZUHbVxuDiH2mtA==",
      "engines": {
        "node": ">=0.1.90"
      }
    },
    "node_modules/gemu-6502": {
      "version": "0.1.2",
      "resolved": "https://registry.npmjs.org/gemu-6502/-/gemu-6502-0.1.2.tgz",
      "integrity": "sha512-KurVJuDoxLxveY1amvqYoQCk6PZG2fpau/UjH+q3rA96214kmSGt8UFUTErAjPpN65wOCtR/3XYhChwYXKvy9Q=="
    },
    "node_modules/mersennetwister": {
      "version": "0.2.3",
      "resolved": "https://registry.npmjs.org/mersennetwister/-/mersennetwister-0.2.3.tgz",
      "integrity": "sha512-r/Lx4L1jqZu8dsbDqw2d+EgRXf4F/yLTUbuMHUstDge9EsLAlANEvooy1u4YcgLOCV7GEmpxMGKtIhxFhhJqNA=="
    },
    "node_modules/mos-6502": {
      "version": "0.0.1",
      "resolved": "git+ssh://git@github.com/SlideeScherz/mossy-cpu.git#336724d3af07920a811e540189d839bfab0a4579",
      "license": "MIT",
      "dependencies": {
        "colors": "^1.4.0",
        "typescript": "^3.7.4"
      }
    },
    "node_modules/typescript": {
      "version": "3.9.10",
      "resolved": "https://registry.npmjs.org/typescript/-/typescript-3.9.10.tgz",
      "integrity": "sha512-w6fIxVE/H1PkLKcCPsFqKE7Kv7QUwhU8qQY2MueZXWx5cPZdwFupLgKK3vntcK98BtNHZtAF4LA/yl2a7k8R6Q==",
      "bin": {
        "tsc": "bin/tsc",
        "tsserver": "bin/tsserver"
      },
      "engines": {
        "node": ">=4.2.0"
      }
    }
  }
}
